
Microsoft Visual Studio Solution File, Format Version 12.00
# Visual Studio Version 17
VisualStudioVersion = 17.14.36121.58 d17.14
MinimumVisualStudioVersion = 10.0.40219.1
Project("{FAE04EC0-301F-11D3-BF4B-00C04F79EFBC}") = "Financ", "Financ\Financ.csproj", "{E4F276FA-D63A-4849-B602-B52A27CA2763}"
EndProject
Global
	GlobalSection(SolutionConfigurationPlatforms) = preSolution
		Debug|Any CPU = Debug|Any CPU
		Release|Any CPU = Release|Any CPU
	EndGlobalSection
	GlobalSection(ProjectConfigurationPlatforms) = postSolution
		{E4F276FA-D63A-4849-B602-B52A27CA2763}.Debug|Any CPU.ActiveCfg = Debug|Any CPU
		{E4F276FA-D63A-4849-B602-B52A27CA2763}.Debug|Any CPU.Build.0 = Debug|Any CPU
		{E4F276FA-D63A-4849-B602-B52A27CA2763}.Release|Any CPU.ActiveCfg = Release|Any CPU
		{E4F276FA-D63A-4849-B602-B52A27CA2763}.Release|Any CPU.Build.0 = Release|Any CPU
	EndGlobalSection
	GlobalSection(SolutionProperties) = preSolution
		HideSolutionNode = FALSE
	EndGlobalSection
	GlobalSection(ExtensibilityGlobals) = postSolution
		SolutionGuid = {105A0DC6-B486-47F1-AE9F-E11CC9E97B49}
	EndGlobalSection
EndGlobal
